
Microsoft Visual Studio Solution File, Format Version 12.00
# Visual Studio Version 17
VisualStudioVersion = 17.5.002.0
MinimumVisualStudioVersion = 10.0.40219.1
Project("{9A19103F-16F7-4668-BE54-9A1E7A4F7556}") = "CloudNest.Api", "CloudNest.Api.csproj", "{9E87053D-27E1-49CD-8EE5-4B57216A60C0}"
EndProject
Global
	GlobalSection(SolutionConfigurationPlatforms) = preSolution
		Debug|Any CPU = Debug|Any CPU
		Release|Any CPU = Release|Any CPU
	EndGlobalSection
	GlobalSection(ProjectConfigurationPlatforms) = postSolution
		{9E87053D-27E1-49CD-8EE5-4B57216A60C0}.Debug|Any CPU.ActiveCfg = Debug|Any CPU
		{9E87053D-27E1-49CD-8EE5-4B57216A60C0}.Debug|Any CPU.Build.0 = Debug|Any CPU
		{9E87053D-27E1-49CD-8EE5-4B57216A60C0}.Release|Any CPU.ActiveCfg = Release|Any CPU
		{9E87053D-27E1-49CD-8EE5-4B57216A60C0}.Release|Any CPU.Build.0 = Release|Any CPU
	EndGlobalSection
	GlobalSection(SolutionProperties) = preSolution
		HideSolutionNode = FALSE
	EndGlobalSection
	GlobalSection(ExtensibilityGlobals) = postSolution
		SolutionGuid = {50786B8E-0AF8-4BEE-A20D-1327980A8F18}
	EndGlobalSection
EndGlobal
